
Microsoft Visual Studio Solution File, Format Version 12.00
# Visual Studio Version 16
VisualStudioVersion = 16.0.30523.141
MinimumVisualStudioVersion = 10.0.40219.1
Project("{FAE04EC0-301F-11D3-BF4B-00C04F79EFBC}") = "DogRace", "HorseRace\DogRace.csproj", "{9605B326-5E62-4399-8568-B2204649C655}"
EndProject
Global
	GlobalSection(SolutionConfigurationPlatforms) = preSolution
		Debug|Any CPU = Debug|Any CPU
		Release|Any CPU = Release|Any CPU
	EndGlobalSection
	GlobalSection(ProjectConfigurationPlatforms) = postSolution
		{9605B326-5E62-4399-8568-B2204649C655}.Debug|Any CPU.ActiveCfg = Debug|Any CPU
		{9605B326-5E62-4399-8568-B2204649C655}.Debug|Any CPU.Build.0 = Debug|Any CPU
		{9605B326-5E62-4399-8568-B2204649C655}.Release|Any CPU.ActiveCfg = Release|Any CPU
		{9605B326-5E62-4399-8568-B2204649C655}.Release|Any CPU.Build.0 = Release|Any CPU
	EndGlobalSection
	GlobalSection(SolutionProperties) = preSolution
		HideSolutionNode = FALSE
	EndGlobalSection
	GlobalSection(ExtensibilityGlobals) = postSolution
		SolutionGuid = {4F2B44D0-4878-4AB6-8F25-666806B73296}
	EndGlobalSection
EndGlobal
